
Microsoft Visual Studio Solution File, Format Version 12.00
# Visual Studio 14
VisualStudioVersion = 14.0.25420.1
MinimumVisualStudioVersion = 10.0.40219.1
Project("{FAE04EC0-301F-11D3-BF4B-00C04F79EFBC}") = "TDDMathClass", "TDDMathClass\TDDMathClass.csproj", "{F1B7F2C1-B3C9-4239-B23C-4115D994C556}"
EndProject
Project("{FAE04EC0-301F-11D3-BF4B-00C04F79EFBC}") = "TDDMathClass.UnitTests", "TDDMathClass.UnitTests\TDDMathClass.UnitTests.csproj", "{A4899BDF-0026-4D1E-A028-502C692A3DF3}"
EndProject
Global
	GlobalSection(SolutionConfigurationPlatforms) = preSolution
		Debug|Any CPU = Debug|Any CPU
		Release|Any CPU = Release|Any CPU
	EndGlobalSection
	GlobalSection(ProjectConfigurationPlatforms) = postSolution
		{F1B7F2C1-B3C9-4239-B23C-4115D994C556}.Debug|Any CPU.ActiveCfg = Debug|Any CPU
		{F1B7F2C1-B3C9-4239-B23C-4115D994C556}.Debug|Any CPU.Build.0 = Debug|Any CPU
		{F1B7F2C1-B3C9-4239-B23C-4115D994C556}.Release|Any CPU.ActiveCfg = Release|Any CPU
		{F1B7F2C1-B3C9-4239-B23C-4115D994C556}.Release|Any CPU.Build.0 = Release|Any CPU
		{A4899BDF-0026-4D1E-A028-502C692A3DF3}.Debug|Any CPU.ActiveCfg = Debug|Any CPU
		{A4899BDF-0026-4D1E-A028-502C692A3DF3}.Debug|Any CPU.Build.0 = Debug|Any CPU
		{A4899BDF-0026-4D1E-A028-502C692A3DF3}.Release|Any CPU.ActiveCfg = Release|Any CPU
		{A4899BDF-0026-4D1E-A028-502C692A3DF3}.Release|Any CPU.Build.0 = Release|Any CPU
	EndGlobalSection
	GlobalSection(SolutionProperties) = preSolution
		HideSolutionNode = FALSE
	EndGlobalSection
EndGlobal
